
Microsoft Visual Studio Solution File, Format Version 12.00
# Visual Studio Version 16
VisualStudioVersion = 16.0.29926.136
MinimumVisualStudioVersion = 10.0.40219.1
Project("{FAE04EC0-301F-11D3-BF4B-00C04F79EFBC}") = "KGB", "KGB\KGB.csproj", "{FE46E941-A12B-4270-9F8D-4200B901993F}"
EndProject
Global
	GlobalSection(SolutionConfigurationPlatforms) = preSolution
		Debug|Any CPU = Debug|Any CPU
		Release|Any CPU = Release|Any CPU
	EndGlobalSection
	GlobalSection(ProjectConfigurationPlatforms) = postSolution
		{FE46E941-A12B-4270-9F8D-4200B901993F}.Debug|Any CPU.ActiveCfg = Debug|Any CPU
		{FE46E941-A12B-4270-9F8D-4200B901993F}.Debug|Any CPU.Build.0 = Debug|Any CPU
		{FE46E941-A12B-4270-9F8D-4200B901993F}.Release|Any CPU.ActiveCfg = Release|Any CPU
		{FE46E941-A12B-4270-9F8D-4200B901993F}.Release|Any CPU.Build.0 = Release|Any CPU
	EndGlobalSection
	GlobalSection(SolutionProperties) = preSolution
		HideSolutionNode = FALSE
	EndGlobalSection
	GlobalSection(ExtensibilityGlobals) = postSolution
		SolutionGuid = {73E22E94-F46D-4521-84E4-50915A73618E}
	EndGlobalSection
EndGlobal
